
Microsoft Visual Studio Solution File, Format Version 12.00
# Visual Studio 14
VisualStudioVersion = 14.0.25123.0
MinimumVisualStudioVersion = 10.0.40219.1
Project("{2150E333-8FDC-42A3-9474-1A3956D46DE8}") = "Engine", "Engine", "{F95907D7-930A-4564-A06E-313842A13472}"
EndProject
Project("{2150E333-8FDC-42A3-9474-1A3956D46DE8}") = "Games", "Games", "{DE647786-0B3D-4F71-AD68-9BC89C680BDD}"
EndProject
Project("{8BC9CEB8-8B4A-11D0-8D11-00A0C91BC942}") = "UE4", "Intermediate\ProjectFiles\UE4.vcxproj", "{14FE7034-6091-400A-9408-254C7017327A}"
EndProject
Project("{8BC9CEB8-8B4A-11D0-8D11-00A0C91BC942}") = "ProjectRPG", "Intermediate\ProjectFiles\ProjectRPG.vcxproj", "{5F9240EF-C127-4E0F-8074-FD246E298D15}"
EndProject
Global
	GlobalSection(SolutionConfigurationPlatforms) = preSolution
		DebugGame Editor|HTML5 = DebugGame Editor|HTML5
		DebugGame Editor|Win32 = DebugGame Editor|Win32
		DebugGame Editor|Win64 = DebugGame Editor|Win64
		DebugGame|HTML5 = DebugGame|HTML5
		DebugGame|Win32 = DebugGame|Win32
		DebugGame|Win64 = DebugGame|Win64
		Development Editor|HTML5 = Development Editor|HTML5
		Development Editor|Win32 = Development Editor|Win32
		Development Editor|Win64 = Development Editor|Win64
		Development|HTML5 = Development|HTML5
		Development|Win32 = Development|Win32
		Development|Win64 = Development|Win64
		Shipping|HTML5 = Shipping|HTML5
		Shipping|Win32 = Shipping|Win32
		Shipping|Win64 = Shipping|Win64
	EndGlobalSection
	GlobalSection(ProjectConfigurationPlatforms) = postSolution
		{14FE7034-6091-400A-9408-254C7017327A}.DebugGame Editor|HTML5.ActiveCfg = BuiltWithUnrealBuildTool|Win32
		{14FE7034-6091-400A-9408-254C7017327A}.DebugGame Editor|HTML5.Build.0 = BuiltWithUnrealBuildTool|Win32
		{14FE7034-6091-400A-9408-254C7017327A}.DebugGame Editor|Win32.ActiveCfg = BuiltWithUnrealBuildTool|Win32
		{14FE7034-6091-400A-9408-254C7017327A}.DebugGame Editor|Win32.Build.0 = BuiltWithUnrealBuildTool|Win32
		{14FE7034-6091-400A-9408-254C7017327A}.DebugGame Editor|Win64.ActiveCfg = BuiltWithUnrealBuildTool|Win32
		{14FE7034-6091-400A-9408-254C7017327A}.DebugGame Editor|Win64.Build.0 = BuiltWithUnrealBuildTool|Win32
		{14FE7034-6091-400A-9408-254C7017327A}.DebugGame|HTML5.ActiveCfg = BuiltWithUnrealBuildTool|Win32
		{14FE7034-6091-400A-9408-254C7017327A}.DebugGame|HTML5.Build.0 = BuiltWithUnrealBuildTool|Win32
		{14FE7034-6091-400A-9408-254C7017327A}.DebugGame|Win32.ActiveCfg = BuiltWithUnrealBuildTool|Win32
		{14FE7034-6091-400A-9408-254C7017327A}.DebugGame|Win32.Build.0 = BuiltWithUnrealBuildTool|Win32
		{14FE7034-6091-400A-9408-254C7017327A}.DebugGame|Win64.ActiveCfg = BuiltWithUnrealBuildTool|Win32
		{14FE7034-6091-400A-9408-254C7017327A}.DebugGame|Win64.Build.0 = BuiltWithUnrealBuildTool|Win32
		{14FE7034-6091-400A-9408-254C7017327A}.Development Editor|HTML5.ActiveCfg = BuiltWithUnrealBuildTool|Win32
		{14FE7034-6091-400A-9408-254C7017327A}.Development Editor|HTML5.Build.0 = BuiltWithUnrealBuildTool|Win32
		{14FE7034-6091-400A-9408-254C7017327A}.Development Editor|Win32.ActiveCfg = BuiltWithUnrealBuildTool|Win32
		{14FE7034-6091-400A-9408-254C7017327A}.Development Editor|Win32.Build.0 = BuiltWithUnrealBuildTool|Win32
		{14FE7034-6091-400A-9408-254C7017327A}.Development Editor|Win64.ActiveCfg = BuiltWithUnrealBuildTool|Win32
		{14FE7034-6091-400A-9408-254C7017327A}.Development Editor|Win64.Build.0 = BuiltWithUnrealBuildTool|Win32
		{14FE7034-6091-400A-9408-254C7017327A}.Development|HTML5.ActiveCfg = BuiltWithUnrealBuildTool|Win32
		{14FE7034-6091-400A-9408-254C7017327A}.Development|HTML5.Build.0 = BuiltWithUnrealBuildTool|Win32
		{14FE7034-6091-400A-9408-254C7017327A}.Development|Win32.ActiveCfg = BuiltWithUnrealBuildTool|Win32
		{14FE7034-6091-400A-9408-254C7017327A}.Development|Win32.Build.0 = BuiltWithUnrealBuildTool|Win32
		{14FE7034-6091-400A-9408-254C7017327A}.Development|Win64.ActiveCfg = BuiltWithUnrealBuildTool|Win32
		{14FE7034-6091-400A-9408-254C7017327A}.Development|Win64.Build.0 = BuiltWithUnrealBuildTool|Win32
		{14FE7034-6091-400A-9408-254C7017327A}.Shipping|HTML5.ActiveCfg = BuiltWithUnrealBuildTool|Win32
		{14FE7034-6091-400A-9408-254C7017327A}.Shipping|HTML5.Build.0 = BuiltWithUnrealBuildTool|Win32
		{14FE7034-6091-400A-9408-254C7017327A}.Shipping|Win32.ActiveCfg = BuiltWithUnrealBuildTool|Win32
		{14FE7034-6091-400A-9408-254C7017327A}.Shipping|Win32.Build.0 = BuiltWithUnrealBuildTool|Win32
		{14FE7034-6091-400A-9408-254C7017327A}.Shipping|Win64.ActiveCfg = BuiltWithUnrealBuildTool|Win32
		{14FE7034-6091-400A-9408-254C7017327A}.Shipping|Win64.Build.0 = BuiltWithUnrealBuildTool|Win32
		{5F9240EF-C127-4E0F-8074-FD246E298D15}.DebugGame Editor|HTML5.ActiveCfg = HTML5_DebugGame_Editor|Win32
		{5F9240EF-C127-4E0F-8074-FD246E298D15}.DebugGame Editor|Win32.ActiveCfg = DebugGame_Editor|Win32
		{5F9240EF-C127-4E0F-8074-FD246E298D15}.DebugGame Editor|Win64.ActiveCfg = DebugGame_Editor|x64
		{5F9240EF-C127-4E0F-8074-FD246E298D15}.DebugGame Editor|Win64.Build.0 = DebugGame_Editor|x64
		{5F9240EF-C127-4E0F-8074-FD246E298D15}.DebugGame|HTML5.ActiveCfg = HTML5_DebugGame_Game|Win32
		{5F9240EF-C127-4E0F-8074-FD246E298D15}.DebugGame|HTML5.Build.0 = HTML5_DebugGame_Game|Win32
		{5F9240EF-C127-4E0F-8074-FD246E298D15}.DebugGame|Win32.ActiveCfg = DebugGame_Game|Win32
		{5F9240EF-C127-4E0F-8074-FD246E298D15}.DebugGame|Win32.Build.0 = DebugGame_Game|Win32
		{5F9240EF-C127-4E0F-8074-FD246E298D15}.DebugGame|Win64.ActiveCfg = DebugGame_Game|x64
		{5F9240EF-C127-4E0F-8074-FD246E298D15}.DebugGame|Win64.Build.0 = DebugGame_Game|x64
		{5F9240EF-C127-4E0F-8074-FD246E298D15}.Development Editor|HTML5.ActiveCfg = HTML5_Development_Editor|Win32
		{5F9240EF-C127-4E0F-8074-FD246E298D15}.Development Editor|Win32.ActiveCfg = Development_Editor|Win32
		{5F9240EF-C127-4E0F-8074-FD246E298D15}.Development Editor|Win64.ActiveCfg = Development_Editor|x64
		{5F9240EF-C127-4E0F-8074-FD246E298D15}.Development Editor|Win64.Build.0 = Development_Editor|x64
		{5F9240EF-C127-4E0F-8074-FD246E298D15}.Development|HTML5.ActiveCfg = HTML5_Development_Game|Win32
		{5F9240EF-C127-4E0F-8074-FD246E298D15}.Development|HTML5.Build.0 = HTML5_Development_Game|Win32
		{5F9240EF-C127-4E0F-8074-FD246E298D15}.Development|Win32.ActiveCfg = Development_Game|Win32
		{5F9240EF-C127-4E0F-8074-FD246E298D15}.Development|Win32.Build.0 = Development_Game|Win32
		{5F9240EF-C127-4E0F-8074-FD246E298D15}.Development|Win64.ActiveCfg = Development_Game|x64
		{5F9240EF-C127-4E0F-8074-FD246E298D15}.Development|Win64.Build.0 = Development_Game|x64
		{5F9240EF-C127-4E0F-8074-FD246E298D15}.Shipping|HTML5.ActiveCfg = HTML5_Shipping_Game|Win32
		{5F9240EF-C127-4E0F-8074-FD246E298D15}.Shipping|HTML5.Build.0 = HTML5_Shipping_Game|Win32
		{5F9240EF-C127-4E0F-8074-FD246E298D15}.Shipping|Win32.ActiveCfg = Shipping_Game|Win32
		{5F9240EF-C127-4E0F-8074-FD246E298D15}.Shipping|Win32.Build.0 = Shipping_Game|Win32
		{5F9240EF-C127-4E0F-8074-FD246E298D15}.Shipping|Win64.ActiveCfg = Shipping_Game|x64
		{5F9240EF-C127-4E0F-8074-FD246E298D15}.Shipping|Win64.Build.0 = Shipping_Game|x64
	EndGlobalSection
	GlobalSection(SolutionProperties) = preSolution
		HideSolutionNode = FALSE
	EndGlobalSection
	GlobalSection(NestedProjects) = preSolution
		{14FE7034-6091-400A-9408-254C7017327A} = {F95907D7-930A-4564-A06E-313842A13472}
		{5F9240EF-C127-4E0F-8074-FD246E298D15} = {DE647786-0B3D-4F71-AD68-9BC89C680BDD}
	EndGlobalSection
EndGlobal
